
Microsoft Visual Studio Solution File, Format Version 12.00
# Visual Studio 14
VisualStudioVersion = 14.0.25420.1
MinimumVisualStudioVersion = 10.0.40219.1
Project("{2150E333-8FDC-42A3-9474-1A3956D46DE8}") = "01.FirstWebSite", "01.FirstWebSite", "{69EA5D2F-567C-4EA3-875B-2CED5369D441}"
EndProject
Project("{FAE04EC0-301F-11D3-BF4B-00C04F79EFBC}") = "ByTheCake.cs", "ByTheCake.cs\ByTheCake.cs.csproj", "{97705FCF-11E4-4F90-AD5A-2B9BC6DCA798}"
EndProject
Project("{2150E333-8FDC-42A3-9474-1A3956D46DE8}") = "02.AddMenu", "02.AddMenu", "{4F283EFE-E3D7-4960-8105-0374FB85731E}"
EndProject
Project("{FAE04EC0-301F-11D3-BF4B-00C04F79EFBC}") = "Add-Menu", "Add-Menu\Add-Menu.csproj", "{C71D3972-E1BC-4E17-A853-32D50BEB5CF4}"
EndProject
Project("{2150E333-8FDC-42A3-9474-1A3956D46DE8}") = "03.AddParagraph", "03.AddParagraph", "{BB863BD7-1C1A-4419-A94E-D573EB3765A6}"
EndProject
Project("{FAE04EC0-301F-11D3-BF4B-00C04F79EFBC}") = "AddParagraph", "AddParagraph\AddParagraph.csproj", "{A25FEEC1-F8BC-4BCA-AA70-A175B5C11A1F}"
EndProject
Project("{2150E333-8FDC-42A3-9474-1A3956D46DE8}") = "04.AddLinks", "04.AddLinks", "{7103ABF8-C236-4905-A2EA-D8A5617A29B0}"
EndProject
Project("{FAE04EC0-301F-11D3-BF4B-00C04F79EFBC}") = "AddLinks", "AddLinks\AddLinks.csproj", "{693133AC-0747-4160-B486-7C6423B2441C}"
EndProject
Project("{2150E333-8FDC-42A3-9474-1A3956D46DE8}") = "05.AddAnchors", "05.AddAnchors", "{917AB1CD-6DB0-46CF-8307-B2A54101CDAD}"
EndProject
Project("{FAE04EC0-301F-11D3-BF4B-00C04F79EFBC}") = "AddAnchors", "AddAnchors\AddAnchors.csproj", "{F28D8ABF-6A42-4C90-9785-F3062FF2029B}"
EndProject
Project("{2150E333-8FDC-42A3-9474-1A3956D46DE8}") = "06.AddFooter", "06.AddFooter", "{F1096C65-F8C3-4E68-BEA9-C41562A93DFA}"
EndProject
Project("{FAE04EC0-301F-11D3-BF4B-00C04F79EFBC}") = "AddFooter", "AddFooter\AddFooter.csproj", "{C162B100-2472-4A64-866A-DA88F8F8B5A1}"
EndProject
Project("{2150E333-8FDC-42A3-9474-1A3956D46DE8}") = "07.AddHead", "07.AddHead", "{3BE8D43C-B43A-4351-BC82-676AF41FF967}"
EndProject
Project("{FAE04EC0-301F-11D3-BF4B-00C04F79EFBC}") = "AddHead", "AddHead\AddHead.csproj", "{324E16E6-18D2-421E-AE18-81311027BD20}"
EndProject
Project("{2150E333-8FDC-42A3-9474-1A3956D46DE8}") = "08.AddStoresInfo", "08.AddStoresInfo", "{70FE1238-79F6-4DF0-83B6-ADD5603137CA}"
EndProject
Project("{FAE04EC0-301F-11D3-BF4B-00C04F79EFBC}") = "AddStoresInfo", "AddStoresInfo\AddStoresInfo.csproj", "{4CD78B35-4296-4F6E-973A-614C80D89EC9}"
EndProject
Project("{2150E333-8FDC-42A3-9474-1A3956D46DE8}") = "09.AddAboutInfo", "09.AddAboutInfo", "{0FE39DA3-638F-4E31-9BCE-3D358F08626A}"
EndProject
Project("{FAE04EC0-301F-11D3-BF4B-00C04F79EFBC}") = "AddAboutInfo", "AddAboutInfo\AddAboutInfo.csproj", "{4A9E5F0D-C643-4470-856C-90A4F1BF9EA1}"
EndProject
Project("{2150E333-8FDC-42A3-9474-1A3956D46DE8}") = "10.EmphasizeTheWords", "10.EmphasizeTheWords", "{18D92894-A1B2-4334-8FB8-FE19BCD590CC}"
EndProject
Project("{FAE04EC0-301F-11D3-BF4B-00C04F79EFBC}") = "EmphasizeTheWords", "EmphasizeTheWords\EmphasizeTheWords.csproj", "{11707686-C957-4FF5-A52B-9289992791B5}"
EndProject
Project("{2150E333-8FDC-42A3-9474-1A3956D46DE8}") = "11.AddCake", "11.AddCake", "{1364B0B6-1DD3-4FBE-A5AC-B112E1AFDB78}"
EndProject
Project("{FAE04EC0-301F-11D3-BF4B-00C04F79EFBC}") = "AddCake", "AddCake\AddCake.csproj", "{D892DA6E-CCFE-4573-B749-DFC0D9DECFE2}"
EndProject
Project("{2150E333-8FDC-42A3-9474-1A3956D46DE8}") = "13.BrowseCakes", "13.BrowseCakes", "{C3221FF2-2134-49E6-8F7D-93523D1F69D4}"
EndProject
Project("{FAE04EC0-301F-11D3-BF4B-00C04F79EFBC}") = "BrowseCakes", "BrowseCakes\BrowseCakes.csproj", "{6DCC4911-7F8A-4A95-95B0-04567974AEA1}"
EndProject
Project("{2150E333-8FDC-42A3-9474-1A3956D46DE8}") = "14.Calculator", "14.Calculator", "{25949670-70CA-481D-ACA3-1948BF54AACD}"
EndProject
Project("{FAE04EC0-301F-11D3-BF4B-00C04F79EFBC}") = "Calculator", "Calculator\Calculator.csproj", "{A3E461C8-F076-4023-BF34-06081838D0C9}"
EndProject
Project("{2150E333-8FDC-42A3-9474-1A3956D46DE8}") = "15.Login", "15.Login", "{E583F08E-1D3F-449F-8FF4-5B0249D9F69C}"
EndProject
Project("{FAE04EC0-301F-11D3-BF4B-00C04F79EFBC}") = "Login", "Login\Login.csproj", "{EA88808F-8E4C-4E57-B258-E71C609E455C}"
EndProject
Project("{2150E333-8FDC-42A3-9474-1A3956D46DE8}") = "17.Greetings", "17.Greetings", "{F8E6C2A9-CBAF-4B7D-8A61-F5B4873AB276}"
EndProject
Project("{FAE04EC0-301F-11D3-BF4B-00C04F79EFBC}") = "Greeting", "Greeting\Greeting.csproj", "{B6A9CD7D-32AB-49C1-B4D2-548617F52046}"
EndProject
Global
	GlobalSection(SolutionConfigurationPlatforms) = preSolution
		Debug|Any CPU = Debug|Any CPU
		Release|Any CPU = Release|Any CPU
	EndGlobalSection
	GlobalSection(ProjectConfigurationPlatforms) = postSolution
		{97705FCF-11E4-4F90-AD5A-2B9BC6DCA798}.Debug|Any CPU.ActiveCfg = Debug|Any CPU
		{97705FCF-11E4-4F90-AD5A-2B9BC6DCA798}.Debug|Any CPU.Build.0 = Debug|Any CPU
		{97705FCF-11E4-4F90-AD5A-2B9BC6DCA798}.Release|Any CPU.ActiveCfg = Release|Any CPU
		{97705FCF-11E4-4F90-AD5A-2B9BC6DCA798}.Release|Any CPU.Build.0 = Release|Any CPU
		{C71D3972-E1BC-4E17-A853-32D50BEB5CF4}.Debug|Any CPU.ActiveCfg = Debug|Any CPU
		{C71D3972-E1BC-4E17-A853-32D50BEB5CF4}.Debug|Any CPU.Build.0 = Debug|Any CPU
		{C71D3972-E1BC-4E17-A853-32D50BEB5CF4}.Release|Any CPU.ActiveCfg = Release|Any CPU
		{C71D3972-E1BC-4E17-A853-32D50BEB5CF4}.Release|Any CPU.Build.0 = Release|Any CPU
		{A25FEEC1-F8BC-4BCA-AA70-A175B5C11A1F}.Debug|Any CPU.ActiveCfg = Debug|Any CPU
		{A25FEEC1-F8BC-4BCA-AA70-A175B5C11A1F}.Debug|Any CPU.Build.0 = Debug|Any CPU
		{A25FEEC1-F8BC-4BCA-AA70-A175B5C11A1F}.Release|Any CPU.ActiveCfg = Release|Any CPU
		{A25FEEC1-F8BC-4BCA-AA70-A175B5C11A1F}.Release|Any CPU.Build.0 = Release|Any CPU
		{693133AC-0747-4160-B486-7C6423B2441C}.Debug|Any CPU.ActiveCfg = Debug|Any CPU
		{693133AC-0747-4160-B486-7C6423B2441C}.Debug|Any CPU.Build.0 = Debug|Any CPU
		{693133AC-0747-4160-B486-7C6423B2441C}.Release|Any CPU.ActiveCfg = Release|Any CPU
		{693133AC-0747-4160-B486-7C6423B2441C}.Release|Any CPU.Build.0 = Release|Any CPU
		{F28D8ABF-6A42-4C90-9785-F3062FF2029B}.Debug|Any CPU.ActiveCfg = Debug|Any CPU
		{F28D8ABF-6A42-4C90-9785-F3062FF2029B}.Debug|Any CPU.Build.0 = Debug|Any CPU
		{F28D8ABF-6A42-4C90-9785-F3062FF2029B}.Release|Any CPU.ActiveCfg = Release|Any CPU
		{F28D8ABF-6A42-4C90-9785-F3062FF2029B}.Release|Any CPU.Build.0 = Release|Any CPU
		{C162B100-2472-4A64-866A-DA88F8F8B5A1}.Debug|Any CPU.ActiveCfg = Debug|Any CPU
		{C162B100-2472-4A64-866A-DA88F8F8B5A1}.Debug|Any CPU.Build.0 = Debug|Any CPU
		{C162B100-2472-4A64-866A-DA88F8F8B5A1}.Release|Any CPU.ActiveCfg = Release|Any CPU
		{C162B100-2472-4A64-866A-DA88F8F8B5A1}.Release|Any CPU.Build.0 = Release|Any CPU
		{324E16E6-18D2-421E-AE18-81311027BD20}.Debug|Any CPU.ActiveCfg = Debug|Any CPU
		{324E16E6-18D2-421E-AE18-81311027BD20}.Debug|Any CPU.Build.0 = Debug|Any CPU
		{324E16E6-18D2-421E-AE18-81311027BD20}.Release|Any CPU.ActiveCfg = Release|Any CPU
		{324E16E6-18D2-421E-AE18-81311027BD20}.Release|Any CPU.Build.0 = Release|Any CPU
		{4CD78B35-4296-4F6E-973A-614C80D89EC9}.Debug|Any CPU.ActiveCfg = Debug|Any CPU
		{4CD78B35-4296-4F6E-973A-614C80D89EC9}.Debug|Any CPU.Build.0 = Debug|Any CPU
		{4CD78B35-4296-4F6E-973A-614C80D89EC9}.Release|Any CPU.ActiveCfg = Release|Any CPU
		{4CD78B35-4296-4F6E-973A-614C80D89EC9}.Release|Any CPU.Build.0 = Release|Any CPU
		{4A9E5F0D-C643-4470-856C-90A4F1BF9EA1}.Debug|Any CPU.ActiveCfg = Debug|Any CPU
		{4A9E5F0D-C643-4470-856C-90A4F1BF9EA1}.Debug|Any CPU.Build.0 = Debug|Any CPU
		{4A9E5F0D-C643-4470-856C-90A4F1BF9EA1}.Release|Any CPU.ActiveCfg = Release|Any CPU
		{4A9E5F0D-C643-4470-856C-90A4F1BF9EA1}.Release|Any CPU.Build.0 = Release|Any CPU
		{11707686-C957-4FF5-A52B-9289992791B5}.Debug|Any CPU.ActiveCfg = Debug|Any CPU
		{11707686-C957-4FF5-A52B-9289992791B5}.Debug|Any CPU.Build.0 = Debug|Any CPU
		{11707686-C957-4FF5-A52B-9289992791B5}.Release|Any CPU.ActiveCfg = Release|Any CPU
		{11707686-C957-4FF5-A52B-9289992791B5}.Release|Any CPU.Build.0 = Release|Any CPU
		{D892DA6E-CCFE-4573-B749-DFC0D9DECFE2}.Debug|Any CPU.ActiveCfg = Debug|Any CPU
		{D892DA6E-CCFE-4573-B749-DFC0D9DECFE2}.Debug|Any CPU.Build.0 = Debug|Any CPU
		{D892DA6E-CCFE-4573-B749-DFC0D9DECFE2}.Release|Any CPU.ActiveCfg = Release|Any CPU
		{D892DA6E-CCFE-4573-B749-DFC0D9DECFE2}.Release|Any CPU.Build.0 = Release|Any CPU
		{6DCC4911-7F8A-4A95-95B0-04567974AEA1}.Debug|Any CPU.ActiveCfg = Debug|Any CPU
		{6DCC4911-7F8A-4A95-95B0-04567974AEA1}.Debug|Any CPU.Build.0 = Debug|Any CPU
		{6DCC4911-7F8A-4A95-95B0-04567974AEA1}.Release|Any CPU.ActiveCfg = Release|Any CPU
		{6DCC4911-7F8A-4A95-95B0-04567974AEA1}.Release|Any CPU.Build.0 = Release|Any CPU
		{A3E461C8-F076-4023-BF34-06081838D0C9}.Debug|Any CPU.ActiveCfg = Debug|Any CPU
		{A3E461C8-F076-4023-BF34-06081838D0C9}.Debug|Any CPU.Build.0 = Debug|Any CPU
		{A3E461C8-F076-4023-BF34-06081838D0C9}.Release|Any CPU.ActiveCfg = Release|Any CPU
		{A3E461C8-F076-4023-BF34-06081838D0C9}.Release|Any CPU.Build.0 = Release|Any CPU
		{EA88808F-8E4C-4E57-B258-E71C609E455C}.Debug|Any CPU.ActiveCfg = Debug|Any CPU
		{EA88808F-8E4C-4E57-B258-E71C609E455C}.Debug|Any CPU.Build.0 = Debug|Any CPU
		{EA88808F-8E4C-4E57-B258-E71C609E455C}.Release|Any CPU.ActiveCfg = Release|Any CPU
		{EA88808F-8E4C-4E57-B258-E71C609E455C}.Release|Any CPU.Build.0 = Release|Any CPU
		{B6A9CD7D-32AB-49C1-B4D2-548617F52046}.Debug|Any CPU.ActiveCfg = Debug|Any CPU
		{B6A9CD7D-32AB-49C1-B4D2-548617F52046}.Debug|Any CPU.Build.0 = Debug|Any CPU
		{B6A9CD7D-32AB-49C1-B4D2-548617F52046}.Release|Any CPU.ActiveCfg = Release|Any CPU
		{B6A9CD7D-32AB-49C1-B4D2-548617F52046}.Release|Any CPU.Build.0 = Release|Any CPU
	EndGlobalSection
	GlobalSection(SolutionProperties) = preSolution
		HideSolutionNode = FALSE
	EndGlobalSection
	GlobalSection(NestedProjects) = preSolution
		{97705FCF-11E4-4F90-AD5A-2B9BC6DCA798} = {69EA5D2F-567C-4EA3-875B-2CED5369D441}
		{C71D3972-E1BC-4E17-A853-32D50BEB5CF4} = {4F283EFE-E3D7-4960-8105-0374FB85731E}
		{A25FEEC1-F8BC-4BCA-AA70-A175B5C11A1F} = {BB863BD7-1C1A-4419-A94E-D573EB3765A6}
		{693133AC-0747-4160-B486-7C6423B2441C} = {7103ABF8-C236-4905-A2EA-D8A5617A29B0}
		{F28D8ABF-6A42-4C90-9785-F3062FF2029B} = {917AB1CD-6DB0-46CF-8307-B2A54101CDAD}
		{C162B100-2472-4A64-866A-DA88F8F8B5A1} = {F1096C65-F8C3-4E68-BEA9-C41562A93DFA}
		{324E16E6-18D2-421E-AE18-81311027BD20} = {3BE8D43C-B43A-4351-BC82-676AF41FF967}
		{4CD78B35-4296-4F6E-973A-614C80D89EC9} = {70FE1238-79F6-4DF0-83B6-ADD5603137CA}
		{4A9E5F0D-C643-4470-856C-90A4F1BF9EA1} = {0FE39DA3-638F-4E31-9BCE-3D358F08626A}
		{11707686-C957-4FF5-A52B-9289992791B5} = {18D92894-A1B2-4334-8FB8-FE19BCD590CC}
		{D892DA6E-CCFE-4573-B749-DFC0D9DECFE2} = {1364B0B6-1DD3-4FBE-A5AC-B112E1AFDB78}
		{6DCC4911-7F8A-4A95-95B0-04567974AEA1} = {C3221FF2-2134-49E6-8F7D-93523D1F69D4}
		{A3E461C8-F076-4023-BF34-06081838D0C9} = {25949670-70CA-481D-ACA3-1948BF54AACD}
		{EA88808F-8E4C-4E57-B258-E71C609E455C} = {E583F08E-1D3F-449F-8FF4-5B0249D9F69C}
		{B6A9CD7D-32AB-49C1-B4D2-548617F52046} = {F8E6C2A9-CBAF-4B7D-8A61-F5B4873AB276}
	EndGlobalSection
EndGlobal
