
Microsoft Visual Studio Solution File, Format Version 12.00
# Visual Studio 14
VisualStudioVersion = 14.0.25420.1
MinimumVisualStudioVersion = 10.0.40219.1
Project("{FAE04EC0-301F-11D3-BF4B-00C04F79EFBC}") = "02.DatabaseSearchQueries", "02.DatabaseSearchQueries\02.DatabaseSearchQueries.csproj", "{873FAEBA-F94B-4CD3-A03D-A125C216874E}"
EndProject
Project("{FAE04EC0-301F-11D3-BF4B-00C04F79EFBC}") = "03.NativeSQLQuery", "03.NativeSQLQuery\03.NativeSQLQuery.csproj", "{EB4C0632-FA35-44A4-A384-F1D0601A2955}"
EndProject
Project("{FAE04EC0-301F-11D3-BF4B-00C04F79EFBC}") = "01.DAOClass", "01.DAOClass\01.DAOClass.csproj", "{B3C0F947-718F-4AF5-9499-53A4E42D5935}"
EndProject
Project("{FAE04EC0-301F-11D3-BF4B-00C04F79EFBC}") = "DbContext", "DbContext\DbContext.csproj", "{9D71F829-655A-45ED-BF52-1450AC859E33}"
EndProject
Global
	GlobalSection(SolutionConfigurationPlatforms) = preSolution
		Debug|Any CPU = Debug|Any CPU
		Release|Any CPU = Release|Any CPU
	EndGlobalSection
	GlobalSection(ProjectConfigurationPlatforms) = postSolution
		{873FAEBA-F94B-4CD3-A03D-A125C216874E}.Debug|Any CPU.ActiveCfg = Debug|Any CPU
		{873FAEBA-F94B-4CD3-A03D-A125C216874E}.Debug|Any CPU.Build.0 = Debug|Any CPU
		{873FAEBA-F94B-4CD3-A03D-A125C216874E}.Release|Any CPU.ActiveCfg = Release|Any CPU
		{873FAEBA-F94B-4CD3-A03D-A125C216874E}.Release|Any CPU.Build.0 = Release|Any CPU
		{EB4C0632-FA35-44A4-A384-F1D0601A2955}.Debug|Any CPU.ActiveCfg = Debug|Any CPU
		{EB4C0632-FA35-44A4-A384-F1D0601A2955}.Debug|Any CPU.Build.0 = Debug|Any CPU
		{EB4C0632-FA35-44A4-A384-F1D0601A2955}.Release|Any CPU.ActiveCfg = Release|Any CPU
		{EB4C0632-FA35-44A4-A384-F1D0601A2955}.Release|Any CPU.Build.0 = Release|Any CPU
		{B3C0F947-718F-4AF5-9499-53A4E42D5935}.Debug|Any CPU.ActiveCfg = Debug|Any CPU
		{B3C0F947-718F-4AF5-9499-53A4E42D5935}.Debug|Any CPU.Build.0 = Debug|Any CPU
		{B3C0F947-718F-4AF5-9499-53A4E42D5935}.Release|Any CPU.ActiveCfg = Release|Any CPU
		{B3C0F947-718F-4AF5-9499-53A4E42D5935}.Release|Any CPU.Build.0 = Release|Any CPU
		{9D71F829-655A-45ED-BF52-1450AC859E33}.Debug|Any CPU.ActiveCfg = Debug|Any CPU
		{9D71F829-655A-45ED-BF52-1450AC859E33}.Debug|Any CPU.Build.0 = Debug|Any CPU
		{9D71F829-655A-45ED-BF52-1450AC859E33}.Release|Any CPU.ActiveCfg = Release|Any CPU
		{9D71F829-655A-45ED-BF52-1450AC859E33}.Release|Any CPU.Build.0 = Release|Any CPU
	EndGlobalSection
	GlobalSection(SolutionProperties) = preSolution
		HideSolutionNode = FALSE
	EndGlobalSection
EndGlobal
