
Microsoft Visual Studio Solution File, Format Version 12.00
# Visual Studio 2013
VisualStudioVersion = 12.0.40629.0
MinimumVisualStudioVersion = 10.0.40219.1
Project("{2150E333-8FDC-42A3-9474-1A3956D46DE8}") = "01.BasicSetsOperations", "01.BasicSetsOperations", "{6FC9E68C-82CE-481C-A285-B7FA72082021}"
EndProject
Project("{FAE04EC0-301F-11D3-BF4B-00C04F79EFBC}") = "01.Unique-Usernames", "01.Unique-Usernames\01.Unique-Usernames.csproj", "{EBDBEFDE-5EE4-418F-8B52-D9DBA552E73F}"
EndProject
Project("{FAE04EC0-301F-11D3-BF4B-00C04F79EFBC}") = "02.Sets-of-Elements", "02.Sets-of-Elements\02.Sets-of-Elements.csproj", "{B5AC4E1F-1AAE-4FEA-A90B-3C96288A50CA}"
EndProject
Project("{FAE04EC0-301F-11D3-BF4B-00C04F79EFBC}") = "03.Periodic-Table", "03.Periodic-Table\03.Periodic-Table.csproj", "{3F867D00-751E-4243-B717-2FCB9D374FE9}"
EndProject
Project("{2150E333-8FDC-42A3-9474-1A3956D46DE8}") = "02.BasicDictionariesOperations", "02.BasicDictionariesOperations", "{DA3E90A2-2BC0-4D37-BFE2-2EB762164F5C}"
EndProject
Project("{FAE04EC0-301F-11D3-BF4B-00C04F79EFBC}") = "04.Count-Symbols", "04.Count-Symbols\04.Count-Symbols.csproj", "{A7EA3971-31D1-4D25-AFE0-3C422815322A}"
EndProject
Project("{FAE04EC0-301F-11D3-BF4B-00C04F79EFBC}") = "05.Phonebook", "05.Phonebook\05.Phonebook.csproj", "{C3CDC7CD-B484-4354-94E2-48E51D62696A}"
EndProject
Project("{FAE04EC0-301F-11D3-BF4B-00C04F79EFBC}") = "06.a-miner-task", "06.a-miner-task\06.a-miner-task.csproj", "{48DCD776-270F-430D-8843-9C699F80E738}"
EndProject
Project("{FAE04EC0-301F-11D3-BF4B-00C04F79EFBC}") = "07.Fix-emails", "07.Fix-emails\07.Fix-emails.csproj", "{3D452A9B-7E9D-44F2-87B5-7769EBB080E6}"
EndProject
Project("{2150E333-8FDC-42A3-9474-1A3956D46DE8}") = "03.SetsAndDictionariesExercises", "03.SetsAndDictionariesExercises", "{45F21857-6845-4862-A871-BED34CE71A90}"
EndProject
Project("{FAE04EC0-301F-11D3-BF4B-00C04F79EFBC}") = "10.Population-Counter", "10.Population-Counter\10.Population-Counter.csproj", "{042A0D8F-D46E-4CD8-9A58-E5C1BADE31EF}"
EndProject
Project("{FAE04EC0-301F-11D3-BF4B-00C04F79EFBC}") = "11.Logs-Aggregator", "11.Logs-Aggregator\11.Logs-Aggregator.csproj", "{CEC6686B-019A-4A8F-89E1-663E5199D8B1}"
EndProject
Project("{FAE04EC0-301F-11D3-BF4B-00C04F79EFBC}") = "09.User-Logs", "09.User-Logs\09.User-Logs.csproj", "{DC165D6F-B918-486F-8B24-F832686AFC3D}"
EndProject
Project("{FAE04EC0-301F-11D3-BF4B-00C04F79EFBC}") = "12.Legendary-Farming", "12.Legendary-Farming\12.Legendary-Farming.csproj", "{CA0A87A2-8DF6-4A65-8EAD-43C6C5273BCC}"
EndProject
Project("{FAE04EC0-301F-11D3-BF4B-00C04F79EFBC}") = "13.Сръбско-Unleashed", "13.Сръбско-Unleashed\13.Сръбско-Unleashed.csproj", "{E63C923B-A8C5-4771-8D98-FDED6ED491C0}"
EndProject
Project("{FAE04EC0-301F-11D3-BF4B-00C04F79EFBC}") = "14.Dragon-Army", "14.Dragon-Army\14.Dragon-Army.csproj", "{A71DD5CF-4B47-4BE9-B9BB-F203EAD1CDF0}"
EndProject
Global
	GlobalSection(SolutionConfigurationPlatforms) = preSolution
		Debug|Any CPU = Debug|Any CPU
		Release|Any CPU = Release|Any CPU
	EndGlobalSection
	GlobalSection(ProjectConfigurationPlatforms) = postSolution
		{EBDBEFDE-5EE4-418F-8B52-D9DBA552E73F}.Debug|Any CPU.ActiveCfg = Debug|Any CPU
		{EBDBEFDE-5EE4-418F-8B52-D9DBA552E73F}.Debug|Any CPU.Build.0 = Debug|Any CPU
		{EBDBEFDE-5EE4-418F-8B52-D9DBA552E73F}.Release|Any CPU.ActiveCfg = Release|Any CPU
		{EBDBEFDE-5EE4-418F-8B52-D9DBA552E73F}.Release|Any CPU.Build.0 = Release|Any CPU
		{B5AC4E1F-1AAE-4FEA-A90B-3C96288A50CA}.Debug|Any CPU.ActiveCfg = Debug|Any CPU
		{B5AC4E1F-1AAE-4FEA-A90B-3C96288A50CA}.Debug|Any CPU.Build.0 = Debug|Any CPU
		{B5AC4E1F-1AAE-4FEA-A90B-3C96288A50CA}.Release|Any CPU.ActiveCfg = Release|Any CPU
		{B5AC4E1F-1AAE-4FEA-A90B-3C96288A50CA}.Release|Any CPU.Build.0 = Release|Any CPU
		{3F867D00-751E-4243-B717-2FCB9D374FE9}.Debug|Any CPU.ActiveCfg = Debug|Any CPU
		{3F867D00-751E-4243-B717-2FCB9D374FE9}.Debug|Any CPU.Build.0 = Debug|Any CPU
		{3F867D00-751E-4243-B717-2FCB9D374FE9}.Release|Any CPU.ActiveCfg = Release|Any CPU
		{3F867D00-751E-4243-B717-2FCB9D374FE9}.Release|Any CPU.Build.0 = Release|Any CPU
		{A7EA3971-31D1-4D25-AFE0-3C422815322A}.Debug|Any CPU.ActiveCfg = Debug|Any CPU
		{A7EA3971-31D1-4D25-AFE0-3C422815322A}.Debug|Any CPU.Build.0 = Debug|Any CPU
		{A7EA3971-31D1-4D25-AFE0-3C422815322A}.Release|Any CPU.ActiveCfg = Release|Any CPU
		{A7EA3971-31D1-4D25-AFE0-3C422815322A}.Release|Any CPU.Build.0 = Release|Any CPU
		{C3CDC7CD-B484-4354-94E2-48E51D62696A}.Debug|Any CPU.ActiveCfg = Debug|Any CPU
		{C3CDC7CD-B484-4354-94E2-48E51D62696A}.Debug|Any CPU.Build.0 = Debug|Any CPU
		{C3CDC7CD-B484-4354-94E2-48E51D62696A}.Release|Any CPU.ActiveCfg = Release|Any CPU
		{C3CDC7CD-B484-4354-94E2-48E51D62696A}.Release|Any CPU.Build.0 = Release|Any CPU
		{48DCD776-270F-430D-8843-9C699F80E738}.Debug|Any CPU.ActiveCfg = Debug|Any CPU
		{48DCD776-270F-430D-8843-9C699F80E738}.Debug|Any CPU.Build.0 = Debug|Any CPU
		{48DCD776-270F-430D-8843-9C699F80E738}.Release|Any CPU.ActiveCfg = Release|Any CPU
		{48DCD776-270F-430D-8843-9C699F80E738}.Release|Any CPU.Build.0 = Release|Any CPU
		{3D452A9B-7E9D-44F2-87B5-7769EBB080E6}.Debug|Any CPU.ActiveCfg = Debug|Any CPU
		{3D452A9B-7E9D-44F2-87B5-7769EBB080E6}.Debug|Any CPU.Build.0 = Debug|Any CPU
		{3D452A9B-7E9D-44F2-87B5-7769EBB080E6}.Release|Any CPU.ActiveCfg = Release|Any CPU
		{3D452A9B-7E9D-44F2-87B5-7769EBB080E6}.Release|Any CPU.Build.0 = Release|Any CPU
		{042A0D8F-D46E-4CD8-9A58-E5C1BADE31EF}.Debug|Any CPU.ActiveCfg = Debug|Any CPU
		{042A0D8F-D46E-4CD8-9A58-E5C1BADE31EF}.Debug|Any CPU.Build.0 = Debug|Any CPU
		{042A0D8F-D46E-4CD8-9A58-E5C1BADE31EF}.Release|Any CPU.ActiveCfg = Release|Any CPU
		{042A0D8F-D46E-4CD8-9A58-E5C1BADE31EF}.Release|Any CPU.Build.0 = Release|Any CPU
		{CEC6686B-019A-4A8F-89E1-663E5199D8B1}.Debug|Any CPU.ActiveCfg = Debug|Any CPU
		{CEC6686B-019A-4A8F-89E1-663E5199D8B1}.Debug|Any CPU.Build.0 = Debug|Any CPU
		{CEC6686B-019A-4A8F-89E1-663E5199D8B1}.Release|Any CPU.ActiveCfg = Release|Any CPU
		{CEC6686B-019A-4A8F-89E1-663E5199D8B1}.Release|Any CPU.Build.0 = Release|Any CPU
		{DC165D6F-B918-486F-8B24-F832686AFC3D}.Debug|Any CPU.ActiveCfg = Debug|Any CPU
		{DC165D6F-B918-486F-8B24-F832686AFC3D}.Debug|Any CPU.Build.0 = Debug|Any CPU
		{DC165D6F-B918-486F-8B24-F832686AFC3D}.Release|Any CPU.ActiveCfg = Release|Any CPU
		{DC165D6F-B918-486F-8B24-F832686AFC3D}.Release|Any CPU.Build.0 = Release|Any CPU
		{CA0A87A2-8DF6-4A65-8EAD-43C6C5273BCC}.Debug|Any CPU.ActiveCfg = Debug|Any CPU
		{CA0A87A2-8DF6-4A65-8EAD-43C6C5273BCC}.Debug|Any CPU.Build.0 = Debug|Any CPU
		{CA0A87A2-8DF6-4A65-8EAD-43C6C5273BCC}.Release|Any CPU.ActiveCfg = Release|Any CPU
		{CA0A87A2-8DF6-4A65-8EAD-43C6C5273BCC}.Release|Any CPU.Build.0 = Release|Any CPU
		{E63C923B-A8C5-4771-8D98-FDED6ED491C0}.Debug|Any CPU.ActiveCfg = Debug|Any CPU
		{E63C923B-A8C5-4771-8D98-FDED6ED491C0}.Debug|Any CPU.Build.0 = Debug|Any CPU
		{E63C923B-A8C5-4771-8D98-FDED6ED491C0}.Release|Any CPU.ActiveCfg = Release|Any CPU
		{E63C923B-A8C5-4771-8D98-FDED6ED491C0}.Release|Any CPU.Build.0 = Release|Any CPU
		{A71DD5CF-4B47-4BE9-B9BB-F203EAD1CDF0}.Debug|Any CPU.ActiveCfg = Debug|Any CPU
		{A71DD5CF-4B47-4BE9-B9BB-F203EAD1CDF0}.Debug|Any CPU.Build.0 = Debug|Any CPU
		{A71DD5CF-4B47-4BE9-B9BB-F203EAD1CDF0}.Release|Any CPU.ActiveCfg = Release|Any CPU
		{A71DD5CF-4B47-4BE9-B9BB-F203EAD1CDF0}.Release|Any CPU.Build.0 = Release|Any CPU
	EndGlobalSection
	GlobalSection(SolutionProperties) = preSolution
		HideSolutionNode = FALSE
	EndGlobalSection
	GlobalSection(NestedProjects) = preSolution
		{EBDBEFDE-5EE4-418F-8B52-D9DBA552E73F} = {6FC9E68C-82CE-481C-A285-B7FA72082021}
		{B5AC4E1F-1AAE-4FEA-A90B-3C96288A50CA} = {6FC9E68C-82CE-481C-A285-B7FA72082021}
		{3F867D00-751E-4243-B717-2FCB9D374FE9} = {6FC9E68C-82CE-481C-A285-B7FA72082021}
		{A7EA3971-31D1-4D25-AFE0-3C422815322A} = {DA3E90A2-2BC0-4D37-BFE2-2EB762164F5C}
		{C3CDC7CD-B484-4354-94E2-48E51D62696A} = {DA3E90A2-2BC0-4D37-BFE2-2EB762164F5C}
		{48DCD776-270F-430D-8843-9C699F80E738} = {DA3E90A2-2BC0-4D37-BFE2-2EB762164F5C}
		{3D452A9B-7E9D-44F2-87B5-7769EBB080E6} = {DA3E90A2-2BC0-4D37-BFE2-2EB762164F5C}
		{042A0D8F-D46E-4CD8-9A58-E5C1BADE31EF} = {45F21857-6845-4862-A871-BED34CE71A90}
		{CEC6686B-019A-4A8F-89E1-663E5199D8B1} = {45F21857-6845-4862-A871-BED34CE71A90}
		{DC165D6F-B918-486F-8B24-F832686AFC3D} = {45F21857-6845-4862-A871-BED34CE71A90}
		{CA0A87A2-8DF6-4A65-8EAD-43C6C5273BCC} = {45F21857-6845-4862-A871-BED34CE71A90}
		{E63C923B-A8C5-4771-8D98-FDED6ED491C0} = {45F21857-6845-4862-A871-BED34CE71A90}
		{A71DD5CF-4B47-4BE9-B9BB-F203EAD1CDF0} = {45F21857-6845-4862-A871-BED34CE71A90}
	EndGlobalSection
EndGlobal
