
Microsoft Visual Studio Solution File, Format Version 12.00
# Visual Studio 14
VisualStudioVersion = 14.0.25420.1
MinimumVisualStudioVersion = 10.0.40219.1
Project("{FAE04EC0-301F-11D3-BF4B-00C04F79EFBC}") = "1.InitialSetup", "1.InitialSetup\1.InitialSetup.csproj", "{F27C6F94-DD7E-486F-872E-EF89002D8ED8}"
EndProject
Project("{FAE04EC0-301F-11D3-BF4B-00C04F79EFBC}") = "02.GetVillainsNames", "02.GetVillainsNames\02.GetVillainsNames.csproj", "{8526EBEA-2895-4C19-88B3-413A860965D5}"
EndProject
Project("{FAE04EC0-301F-11D3-BF4B-00C04F79EFBC}") = "03.GetMinionNames", "03.GetMinionNames\03.GetMinionNames.csproj", "{4DFE0F94-3D62-4ECD-9444-1AE8897DFFFD}"
EndProject
Project("{FAE04EC0-301F-11D3-BF4B-00C04F79EFBC}") = "04.AddMinion", "04.AddMinion\04.AddMinion.csproj", "{B39966E2-4405-4412-9A33-DF57E7D8257E}"
EndProject
Project("{FAE04EC0-301F-11D3-BF4B-00C04F79EFBC}") = "05.ChangeTownNamesCasing", "05.ChangeTownNamesCasing\05.ChangeTownNamesCasing.csproj", "{8719CBF5-360E-4878-B6F5-34887A6876D9}"
EndProject
Project("{FAE04EC0-301F-11D3-BF4B-00C04F79EFBC}") = "07.PrintAllMinionNames", "07.PrintAllMinionNames\07.PrintAllMinionNames.csproj", "{E4A6B6D7-AC9E-495C-A73A-64E83850D5F6}"
EndProject
Project("{FAE04EC0-301F-11D3-BF4B-00C04F79EFBC}") = "08.IncreaseMinionsAge", "08.IncreaseMinionsAge\08.IncreaseMinionsAge.csproj", "{2784580F-F42D-4BBE-BB8B-DBCE7D8B1F03}"
EndProject
Project("{FAE04EC0-301F-11D3-BF4B-00C04F79EFBC}") = "09.IncAgeStoredProcedure", "09.IncAgeStoredProcedure\09.IncAgeStoredProcedure.csproj", "{06DC6AAC-85F1-459D-BEB8-7D5313C94EFF}"
EndProject
Global
	GlobalSection(SolutionConfigurationPlatforms) = preSolution
		Debug|Any CPU = Debug|Any CPU
		Release|Any CPU = Release|Any CPU
	EndGlobalSection
	GlobalSection(ProjectConfigurationPlatforms) = postSolution
		{F27C6F94-DD7E-486F-872E-EF89002D8ED8}.Debug|Any CPU.ActiveCfg = Debug|Any CPU
		{F27C6F94-DD7E-486F-872E-EF89002D8ED8}.Debug|Any CPU.Build.0 = Debug|Any CPU
		{F27C6F94-DD7E-486F-872E-EF89002D8ED8}.Release|Any CPU.ActiveCfg = Release|Any CPU
		{F27C6F94-DD7E-486F-872E-EF89002D8ED8}.Release|Any CPU.Build.0 = Release|Any CPU
		{8526EBEA-2895-4C19-88B3-413A860965D5}.Debug|Any CPU.ActiveCfg = Debug|Any CPU
		{8526EBEA-2895-4C19-88B3-413A860965D5}.Debug|Any CPU.Build.0 = Debug|Any CPU
		{8526EBEA-2895-4C19-88B3-413A860965D5}.Release|Any CPU.ActiveCfg = Release|Any CPU
		{8526EBEA-2895-4C19-88B3-413A860965D5}.Release|Any CPU.Build.0 = Release|Any CPU
		{4DFE0F94-3D62-4ECD-9444-1AE8897DFFFD}.Debug|Any CPU.ActiveCfg = Debug|Any CPU
		{4DFE0F94-3D62-4ECD-9444-1AE8897DFFFD}.Debug|Any CPU.Build.0 = Debug|Any CPU
		{4DFE0F94-3D62-4ECD-9444-1AE8897DFFFD}.Release|Any CPU.ActiveCfg = Release|Any CPU
		{4DFE0F94-3D62-4ECD-9444-1AE8897DFFFD}.Release|Any CPU.Build.0 = Release|Any CPU
		{B39966E2-4405-4412-9A33-DF57E7D8257E}.Debug|Any CPU.ActiveCfg = Debug|Any CPU
		{B39966E2-4405-4412-9A33-DF57E7D8257E}.Debug|Any CPU.Build.0 = Debug|Any CPU
		{B39966E2-4405-4412-9A33-DF57E7D8257E}.Release|Any CPU.ActiveCfg = Release|Any CPU
		{B39966E2-4405-4412-9A33-DF57E7D8257E}.Release|Any CPU.Build.0 = Release|Any CPU
		{8719CBF5-360E-4878-B6F5-34887A6876D9}.Debug|Any CPU.ActiveCfg = Debug|Any CPU
		{8719CBF5-360E-4878-B6F5-34887A6876D9}.Debug|Any CPU.Build.0 = Debug|Any CPU
		{8719CBF5-360E-4878-B6F5-34887A6876D9}.Release|Any CPU.ActiveCfg = Release|Any CPU
		{8719CBF5-360E-4878-B6F5-34887A6876D9}.Release|Any CPU.Build.0 = Release|Any CPU
		{E4A6B6D7-AC9E-495C-A73A-64E83850D5F6}.Debug|Any CPU.ActiveCfg = Debug|Any CPU
		{E4A6B6D7-AC9E-495C-A73A-64E83850D5F6}.Debug|Any CPU.Build.0 = Debug|Any CPU
		{E4A6B6D7-AC9E-495C-A73A-64E83850D5F6}.Release|Any CPU.ActiveCfg = Release|Any CPU
		{E4A6B6D7-AC9E-495C-A73A-64E83850D5F6}.Release|Any CPU.Build.0 = Release|Any CPU
		{2784580F-F42D-4BBE-BB8B-DBCE7D8B1F03}.Debug|Any CPU.ActiveCfg = Debug|Any CPU
		{2784580F-F42D-4BBE-BB8B-DBCE7D8B1F03}.Debug|Any CPU.Build.0 = Debug|Any CPU
		{2784580F-F42D-4BBE-BB8B-DBCE7D8B1F03}.Release|Any CPU.ActiveCfg = Release|Any CPU
		{2784580F-F42D-4BBE-BB8B-DBCE7D8B1F03}.Release|Any CPU.Build.0 = Release|Any CPU
		{06DC6AAC-85F1-459D-BEB8-7D5313C94EFF}.Debug|Any CPU.ActiveCfg = Debug|Any CPU
		{06DC6AAC-85F1-459D-BEB8-7D5313C94EFF}.Debug|Any CPU.Build.0 = Debug|Any CPU
		{06DC6AAC-85F1-459D-BEB8-7D5313C94EFF}.Release|Any CPU.ActiveCfg = Release|Any CPU
		{06DC6AAC-85F1-459D-BEB8-7D5313C94EFF}.Release|Any CPU.Build.0 = Release|Any CPU
	EndGlobalSection
	GlobalSection(SolutionProperties) = preSolution
		HideSolutionNode = FALSE
	EndGlobalSection
EndGlobal
