
Microsoft Visual Studio Solution File, Format Version 12.00
# Visual Studio 14
VisualStudioVersion = 14.0.25420.1
MinimumVisualStudioVersion = 10.0.40219.1
Project("{FAE04EC0-301F-11D3-BF4B-00C04F79EFBC}") = "Gringotts.Models", "Gringotts.Models\Gringotts.Models.csproj", "{3622F165-58A1-40CA-B65E-04DC818792C1}"
EndProject
Project("{FAE04EC0-301F-11D3-BF4B-00C04F79EFBC}") = "Gringotts.Data", "Gringotts.Data\Gringotts.Data.csproj", "{9A7C265B-5344-4F72-BCAB-B4E42A9DF244}"
EndProject
Project("{FAE04EC0-301F-11D3-BF4B-00C04F79EFBC}") = "Gringotts.ConsoleClient", "Gringotts.ConsoleClient\Gringotts.ConsoleClient.csproj", "{4EEDEFBB-DDC8-413A-A46C-A7F6C9BE36EB}"
EndProject
Project("{2150E333-8FDC-42A3-9474-1A3956D46DE8}") = "Gringotts", "Gringotts", "{0BB9A936-7DBB-48F4-A711-36F76A091304}"
EndProject
Project("{2150E333-8FDC-42A3-9474-1A3956D46DE8}") = "HotelDatabase", "HotelDatabase", "{E55F0080-02CA-424A-A626-DD209BFD2018}"
EndProject
Project("{FAE04EC0-301F-11D3-BF4B-00C04F79EFBC}") = "HotelDatabase.Models", "HotelDatabase.Models\HotelDatabase.Models.csproj", "{F10BAC0F-1E7B-4DA9-96A9-D127C29AE397}"
EndProject
Project("{FAE04EC0-301F-11D3-BF4B-00C04F79EFBC}") = "HotelDatabase.Data", "HotelDatabase.Data\HotelDatabase.Data.csproj", "{542EDC28-4429-447E-A4C4-FEF0B2A3C6C2}"
EndProject
Project("{FAE04EC0-301F-11D3-BF4B-00C04F79EFBC}") = "HotelDatabase.ConsoleClient", "HotelDatabase.ConsoleClient\HotelDatabase.ConsoleClient.csproj", "{6FEF55CD-46B9-4030-BBA3-476F7A89558D}"
EndProject
Project("{2150E333-8FDC-42A3-9474-1A3956D46DE8}") = "Users", "Users", "{0C60D5F5-7DB9-4EC1-BC16-7100195E10E0}"
EndProject
Project("{FAE04EC0-301F-11D3-BF4B-00C04F79EFBC}") = "Users.Models", "Users.Models\Users.Models.csproj", "{A67A4F2A-E49E-4B0D-9E52-3460D6499DCC}"
EndProject
Project("{FAE04EC0-301F-11D3-BF4B-00C04F79EFBC}") = "Users.Data", "Users.Data\Users.Data.csproj", "{E4B73E28-1DFA-4BB3-8489-F2C422B92C28}"
EndProject
Project("{FAE04EC0-301F-11D3-BF4B-00C04F79EFBC}") = "Users.ConsoleClient", "Users.ConsoleClient\Users.ConsoleClient.csproj", "{8E33B23E-0E03-403C-BFB4-168EDB0795B5}"
EndProject
Project("{2150E333-8FDC-42A3-9474-1A3956D46DE8}") = "SalesDb", "SalesDb", "{A861994B-4DAD-4E57-995A-C753785EC529}"
EndProject
Project("{FAE04EC0-301F-11D3-BF4B-00C04F79EFBC}") = "Sales.Models", "Sales.Models\Sales.Models.csproj", "{8C6D1495-8323-42E6-8513-4D012A6009D2}"
EndProject
Project("{FAE04EC0-301F-11D3-BF4B-00C04F79EFBC}") = "Sales.Data", "Sales.Data\Sales.Data.csproj", "{DAD4EDC3-A00F-46E5-8A3B-39DB2854E1C1}"
EndProject
Project("{FAE04EC0-301F-11D3-BF4B-00C04F79EFBC}") = "Sales.ConsoleClient", "Sales.ConsoleClient\Sales.ConsoleClient.csproj", "{52BFB6E3-F1F3-4793-894E-C27E9A8C3A9E}"
EndProject
Project("{2150E333-8FDC-42A3-9474-1A3956D46DE8}") = "HospitalDatabase", "HospitalDatabase", "{F3FC9ABB-13E5-4B79-80D4-B181BED4211A}"
EndProject
Project("{FAE04EC0-301F-11D3-BF4B-00C04F79EFBC}") = "Hospital.Models", "Hospital.Models\Hospital.Models.csproj", "{1965EE11-1EF3-4DE3-A2CE-718C026CBEA3}"
EndProject
Project("{FAE04EC0-301F-11D3-BF4B-00C04F79EFBC}") = "Hospital.Data", "Hospital.Data\Hospital.Data.csproj", "{99E60CDF-15C6-45BA-80EC-3FC1C14A9F81}"
EndProject
Project("{FAE04EC0-301F-11D3-BF4B-00C04F79EFBC}") = "Hospital.ConsoleClient", "Hospital.ConsoleClient\Hospital.ConsoleClient.csproj", "{9A78E8B0-1087-40BD-B0E3-5A29A657A5FC}"
EndProject
Global
	GlobalSection(SolutionConfigurationPlatforms) = preSolution
		Debug|Any CPU = Debug|Any CPU
		Release|Any CPU = Release|Any CPU
	EndGlobalSection
	GlobalSection(ProjectConfigurationPlatforms) = postSolution
		{3622F165-58A1-40CA-B65E-04DC818792C1}.Debug|Any CPU.ActiveCfg = Debug|Any CPU
		{3622F165-58A1-40CA-B65E-04DC818792C1}.Debug|Any CPU.Build.0 = Debug|Any CPU
		{3622F165-58A1-40CA-B65E-04DC818792C1}.Release|Any CPU.ActiveCfg = Release|Any CPU
		{3622F165-58A1-40CA-B65E-04DC818792C1}.Release|Any CPU.Build.0 = Release|Any CPU
		{9A7C265B-5344-4F72-BCAB-B4E42A9DF244}.Debug|Any CPU.ActiveCfg = Debug|Any CPU
		{9A7C265B-5344-4F72-BCAB-B4E42A9DF244}.Debug|Any CPU.Build.0 = Debug|Any CPU
		{9A7C265B-5344-4F72-BCAB-B4E42A9DF244}.Release|Any CPU.ActiveCfg = Release|Any CPU
		{9A7C265B-5344-4F72-BCAB-B4E42A9DF244}.Release|Any CPU.Build.0 = Release|Any CPU
		{4EEDEFBB-DDC8-413A-A46C-A7F6C9BE36EB}.Debug|Any CPU.ActiveCfg = Debug|Any CPU
		{4EEDEFBB-DDC8-413A-A46C-A7F6C9BE36EB}.Debug|Any CPU.Build.0 = Debug|Any CPU
		{4EEDEFBB-DDC8-413A-A46C-A7F6C9BE36EB}.Release|Any CPU.ActiveCfg = Release|Any CPU
		{4EEDEFBB-DDC8-413A-A46C-A7F6C9BE36EB}.Release|Any CPU.Build.0 = Release|Any CPU
		{F10BAC0F-1E7B-4DA9-96A9-D127C29AE397}.Debug|Any CPU.ActiveCfg = Debug|Any CPU
		{F10BAC0F-1E7B-4DA9-96A9-D127C29AE397}.Debug|Any CPU.Build.0 = Debug|Any CPU
		{F10BAC0F-1E7B-4DA9-96A9-D127C29AE397}.Release|Any CPU.ActiveCfg = Release|Any CPU
		{F10BAC0F-1E7B-4DA9-96A9-D127C29AE397}.Release|Any CPU.Build.0 = Release|Any CPU
		{542EDC28-4429-447E-A4C4-FEF0B2A3C6C2}.Debug|Any CPU.ActiveCfg = Debug|Any CPU
		{542EDC28-4429-447E-A4C4-FEF0B2A3C6C2}.Debug|Any CPU.Build.0 = Debug|Any CPU
		{542EDC28-4429-447E-A4C4-FEF0B2A3C6C2}.Release|Any CPU.ActiveCfg = Release|Any CPU
		{542EDC28-4429-447E-A4C4-FEF0B2A3C6C2}.Release|Any CPU.Build.0 = Release|Any CPU
		{6FEF55CD-46B9-4030-BBA3-476F7A89558D}.Debug|Any CPU.ActiveCfg = Debug|Any CPU
		{6FEF55CD-46B9-4030-BBA3-476F7A89558D}.Debug|Any CPU.Build.0 = Debug|Any CPU
		{6FEF55CD-46B9-4030-BBA3-476F7A89558D}.Release|Any CPU.ActiveCfg = Release|Any CPU
		{6FEF55CD-46B9-4030-BBA3-476F7A89558D}.Release|Any CPU.Build.0 = Release|Any CPU
		{A67A4F2A-E49E-4B0D-9E52-3460D6499DCC}.Debug|Any CPU.ActiveCfg = Debug|Any CPU
		{A67A4F2A-E49E-4B0D-9E52-3460D6499DCC}.Debug|Any CPU.Build.0 = Debug|Any CPU
		{A67A4F2A-E49E-4B0D-9E52-3460D6499DCC}.Release|Any CPU.ActiveCfg = Release|Any CPU
		{A67A4F2A-E49E-4B0D-9E52-3460D6499DCC}.Release|Any CPU.Build.0 = Release|Any CPU
		{E4B73E28-1DFA-4BB3-8489-F2C422B92C28}.Debug|Any CPU.ActiveCfg = Debug|Any CPU
		{E4B73E28-1DFA-4BB3-8489-F2C422B92C28}.Debug|Any CPU.Build.0 = Debug|Any CPU
		{E4B73E28-1DFA-4BB3-8489-F2C422B92C28}.Release|Any CPU.ActiveCfg = Release|Any CPU
		{E4B73E28-1DFA-4BB3-8489-F2C422B92C28}.Release|Any CPU.Build.0 = Release|Any CPU
		{8E33B23E-0E03-403C-BFB4-168EDB0795B5}.Debug|Any CPU.ActiveCfg = Debug|Any CPU
		{8E33B23E-0E03-403C-BFB4-168EDB0795B5}.Debug|Any CPU.Build.0 = Debug|Any CPU
		{8E33B23E-0E03-403C-BFB4-168EDB0795B5}.Release|Any CPU.ActiveCfg = Release|Any CPU
		{8E33B23E-0E03-403C-BFB4-168EDB0795B5}.Release|Any CPU.Build.0 = Release|Any CPU
		{8C6D1495-8323-42E6-8513-4D012A6009D2}.Debug|Any CPU.ActiveCfg = Debug|Any CPU
		{8C6D1495-8323-42E6-8513-4D012A6009D2}.Debug|Any CPU.Build.0 = Debug|Any CPU
		{8C6D1495-8323-42E6-8513-4D012A6009D2}.Release|Any CPU.ActiveCfg = Release|Any CPU
		{8C6D1495-8323-42E6-8513-4D012A6009D2}.Release|Any CPU.Build.0 = Release|Any CPU
		{DAD4EDC3-A00F-46E5-8A3B-39DB2854E1C1}.Debug|Any CPU.ActiveCfg = Debug|Any CPU
		{DAD4EDC3-A00F-46E5-8A3B-39DB2854E1C1}.Debug|Any CPU.Build.0 = Debug|Any CPU
		{DAD4EDC3-A00F-46E5-8A3B-39DB2854E1C1}.Release|Any CPU.ActiveCfg = Release|Any CPU
		{DAD4EDC3-A00F-46E5-8A3B-39DB2854E1C1}.Release|Any CPU.Build.0 = Release|Any CPU
		{52BFB6E3-F1F3-4793-894E-C27E9A8C3A9E}.Debug|Any CPU.ActiveCfg = Debug|Any CPU
		{52BFB6E3-F1F3-4793-894E-C27E9A8C3A9E}.Debug|Any CPU.Build.0 = Debug|Any CPU
		{52BFB6E3-F1F3-4793-894E-C27E9A8C3A9E}.Release|Any CPU.ActiveCfg = Release|Any CPU
		{52BFB6E3-F1F3-4793-894E-C27E9A8C3A9E}.Release|Any CPU.Build.0 = Release|Any CPU
		{1965EE11-1EF3-4DE3-A2CE-718C026CBEA3}.Debug|Any CPU.ActiveCfg = Debug|Any CPU
		{1965EE11-1EF3-4DE3-A2CE-718C026CBEA3}.Debug|Any CPU.Build.0 = Debug|Any CPU
		{1965EE11-1EF3-4DE3-A2CE-718C026CBEA3}.Release|Any CPU.ActiveCfg = Release|Any CPU
		{1965EE11-1EF3-4DE3-A2CE-718C026CBEA3}.Release|Any CPU.Build.0 = Release|Any CPU
		{99E60CDF-15C6-45BA-80EC-3FC1C14A9F81}.Debug|Any CPU.ActiveCfg = Debug|Any CPU
		{99E60CDF-15C6-45BA-80EC-3FC1C14A9F81}.Debug|Any CPU.Build.0 = Debug|Any CPU
		{99E60CDF-15C6-45BA-80EC-3FC1C14A9F81}.Release|Any CPU.ActiveCfg = Release|Any CPU
		{99E60CDF-15C6-45BA-80EC-3FC1C14A9F81}.Release|Any CPU.Build.0 = Release|Any CPU
		{9A78E8B0-1087-40BD-B0E3-5A29A657A5FC}.Debug|Any CPU.ActiveCfg = Debug|Any CPU
		{9A78E8B0-1087-40BD-B0E3-5A29A657A5FC}.Debug|Any CPU.Build.0 = Debug|Any CPU
		{9A78E8B0-1087-40BD-B0E3-5A29A657A5FC}.Release|Any CPU.ActiveCfg = Release|Any CPU
		{9A78E8B0-1087-40BD-B0E3-5A29A657A5FC}.Release|Any CPU.Build.0 = Release|Any CPU
	EndGlobalSection
	GlobalSection(SolutionProperties) = preSolution
		HideSolutionNode = FALSE
	EndGlobalSection
	GlobalSection(NestedProjects) = preSolution
		{3622F165-58A1-40CA-B65E-04DC818792C1} = {0BB9A936-7DBB-48F4-A711-36F76A091304}
		{9A7C265B-5344-4F72-BCAB-B4E42A9DF244} = {0BB9A936-7DBB-48F4-A711-36F76A091304}
		{4EEDEFBB-DDC8-413A-A46C-A7F6C9BE36EB} = {0BB9A936-7DBB-48F4-A711-36F76A091304}
		{F10BAC0F-1E7B-4DA9-96A9-D127C29AE397} = {E55F0080-02CA-424A-A626-DD209BFD2018}
		{542EDC28-4429-447E-A4C4-FEF0B2A3C6C2} = {E55F0080-02CA-424A-A626-DD209BFD2018}
		{6FEF55CD-46B9-4030-BBA3-476F7A89558D} = {E55F0080-02CA-424A-A626-DD209BFD2018}
		{A67A4F2A-E49E-4B0D-9E52-3460D6499DCC} = {0C60D5F5-7DB9-4EC1-BC16-7100195E10E0}
		{E4B73E28-1DFA-4BB3-8489-F2C422B92C28} = {0C60D5F5-7DB9-4EC1-BC16-7100195E10E0}
		{8E33B23E-0E03-403C-BFB4-168EDB0795B5} = {0C60D5F5-7DB9-4EC1-BC16-7100195E10E0}
		{8C6D1495-8323-42E6-8513-4D012A6009D2} = {A861994B-4DAD-4E57-995A-C753785EC529}
		{DAD4EDC3-A00F-46E5-8A3B-39DB2854E1C1} = {A861994B-4DAD-4E57-995A-C753785EC529}
		{52BFB6E3-F1F3-4793-894E-C27E9A8C3A9E} = {A861994B-4DAD-4E57-995A-C753785EC529}
		{1965EE11-1EF3-4DE3-A2CE-718C026CBEA3} = {F3FC9ABB-13E5-4B79-80D4-B181BED4211A}
		{99E60CDF-15C6-45BA-80EC-3FC1C14A9F81} = {F3FC9ABB-13E5-4B79-80D4-B181BED4211A}
		{9A78E8B0-1087-40BD-B0E3-5A29A657A5FC} = {F3FC9ABB-13E5-4B79-80D4-B181BED4211A}
	EndGlobalSection
EndGlobal
