
Microsoft Visual Studio Solution File, Format Version 12.00
# Visual Studio 14
VisualStudioVersion = 14.0.25420.1
MinimumVisualStudioVersion = 10.0.40219.1
Project("{FAE04EC0-301F-11D3-BF4B-00C04F79EFBC}") = "LearningSystem.Web", "LearningSystem.Web\LearningSystem.Web.csproj", "{973EEE9D-AF88-4C44-926A-A5DB2D4F218E}"
EndProject
Project("{FAE04EC0-301F-11D3-BF4B-00C04F79EFBC}") = "LearningSystem.Models", "LearningSystem.Models\LearningSystem.Models.csproj", "{ABF1250F-4517-4E5E-AC2F-0F35AC1ABDA3}"
EndProject
Project("{FAE04EC0-301F-11D3-BF4B-00C04F79EFBC}") = "LearningSystem.Data", "LearningSystem.Data\LearningSystem.Data.csproj", "{222F679F-794F-4A15-A3D4-2FF4D9550305}"
EndProject
Project("{FAE04EC0-301F-11D3-BF4B-00C04F79EFBC}") = "LearningSystem.Service", "LearningSystem.Service\LearningSystem.Service.csproj", "{228954FE-4C68-48D1-9D49-38690334C698}"
EndProject
Global
	GlobalSection(SolutionConfigurationPlatforms) = preSolution
		Debug|Any CPU = Debug|Any CPU
		Release|Any CPU = Release|Any CPU
	EndGlobalSection
	GlobalSection(ProjectConfigurationPlatforms) = postSolution
		{973EEE9D-AF88-4C44-926A-A5DB2D4F218E}.Debug|Any CPU.ActiveCfg = Debug|Any CPU
		{973EEE9D-AF88-4C44-926A-A5DB2D4F218E}.Debug|Any CPU.Build.0 = Debug|Any CPU
		{973EEE9D-AF88-4C44-926A-A5DB2D4F218E}.Release|Any CPU.ActiveCfg = Release|Any CPU
		{973EEE9D-AF88-4C44-926A-A5DB2D4F218E}.Release|Any CPU.Build.0 = Release|Any CPU
		{ABF1250F-4517-4E5E-AC2F-0F35AC1ABDA3}.Debug|Any CPU.ActiveCfg = Debug|Any CPU
		{ABF1250F-4517-4E5E-AC2F-0F35AC1ABDA3}.Debug|Any CPU.Build.0 = Debug|Any CPU
		{ABF1250F-4517-4E5E-AC2F-0F35AC1ABDA3}.Release|Any CPU.ActiveCfg = Release|Any CPU
		{ABF1250F-4517-4E5E-AC2F-0F35AC1ABDA3}.Release|Any CPU.Build.0 = Release|Any CPU
		{222F679F-794F-4A15-A3D4-2FF4D9550305}.Debug|Any CPU.ActiveCfg = Debug|Any CPU
		{222F679F-794F-4A15-A3D4-2FF4D9550305}.Debug|Any CPU.Build.0 = Debug|Any CPU
		{222F679F-794F-4A15-A3D4-2FF4D9550305}.Release|Any CPU.ActiveCfg = Release|Any CPU
		{222F679F-794F-4A15-A3D4-2FF4D9550305}.Release|Any CPU.Build.0 = Release|Any CPU
		{228954FE-4C68-48D1-9D49-38690334C698}.Debug|Any CPU.ActiveCfg = Debug|Any CPU
		{228954FE-4C68-48D1-9D49-38690334C698}.Debug|Any CPU.Build.0 = Debug|Any CPU
		{228954FE-4C68-48D1-9D49-38690334C698}.Release|Any CPU.ActiveCfg = Release|Any CPU
		{228954FE-4C68-48D1-9D49-38690334C698}.Release|Any CPU.Build.0 = Release|Any CPU
	EndGlobalSection
	GlobalSection(SolutionProperties) = preSolution
		HideSolutionNode = FALSE
	EndGlobalSection
EndGlobal
