
Microsoft Visual Studio Solution File, Format Version 12.00
# Visual Studio 14
VisualStudioVersion = 14.0.25420.1
MinimumVisualStudioVersion = 10.0.40219.1
Project("{2150E333-8FDC-42A3-9474-1A3956D46DE8}") = "StudentSystem", "StudentSystem", "{15FCC30E-79FD-490D-B9CE-607E8CF6D047}"
EndProject
Project("{FAE04EC0-301F-11D3-BF4B-00C04F79EFBC}") = "StudentSystem.Models", "StudentSystem.Models\StudentSystem.Models.csproj", "{9BCC6186-E6D2-42BC-B1BD-4D5C0CC2693E}"
EndProject
Project("{FAE04EC0-301F-11D3-BF4B-00C04F79EFBC}") = "StudentSystem.Data", "StudentSystem.Data\StudentSystem.Data.csproj", "{AE426C0B-844E-48AE-AD5B-EF426FD7A7B3}"
EndProject
Project("{FAE04EC0-301F-11D3-BF4B-00C04F79EFBC}") = "StudentSystem.ConsoleClient", "StudentSystem.ConsoleClient\StudentSystem.ConsoleClient.csproj", "{2A125005-8EAA-4335-9BDD-7C0A011A7FA5}"
EndProject
Project("{2150E333-8FDC-42A3-9474-1A3956D46DE8}") = "Vehicles", "Vehicles", "{76842F7A-6EF6-4688-AD9E-AC1A7A149C65}"
EndProject
Project("{FAE04EC0-301F-11D3-BF4B-00C04F79EFBC}") = "Vehicles.Data", "Vehicles.Data\Vehicles.Data.csproj", "{811AF285-A589-42B8-9C64-368FD4176F6F}"
EndProject
Project("{FAE04EC0-301F-11D3-BF4B-00C04F79EFBC}") = "Vehicles.Models", "Vehicles.Models\Vehicles.Models.csproj", "{6EFB77EB-E848-41A7-B7F0-4CD5033E6F0E}"
EndProject
Project("{FAE04EC0-301F-11D3-BF4B-00C04F79EFBC}") = "Vehicles.ConsoleClient", "Vehicles.ConsoleClient\Vehicles.ConsoleClient.csproj", "{6267165B-9FF9-4AF9-881B-AE93A8A13496}"
EndProject
Project("{2150E333-8FDC-42A3-9474-1A3956D46DE8}") = "UniversitySystem", "UniversitySystem", "{F68D2433-0420-45B7-872B-ADEBA2652390}"
EndProject
Project("{FAE04EC0-301F-11D3-BF4B-00C04F79EFBC}") = "Unversity.Data", "Unversity.Data\Unversity.Data.csproj", "{235B0B71-E920-403F-A772-2F398F2BB4DB}"
EndProject
Project("{FAE04EC0-301F-11D3-BF4B-00C04F79EFBC}") = "University.Models", "University.Models\University.Models.csproj", "{1DBD908A-314B-4D79-9A0A-CD98C15B051D}"
EndProject
Project("{FAE04EC0-301F-11D3-BF4B-00C04F79EFBC}") = "University.ConsoleClient", "University.ConsoleClient\University.ConsoleClient.csproj", "{CB2D7087-B356-4CE6-A134-CE3EC4E66BDC}"
EndProject
Project("{2150E333-8FDC-42A3-9474-1A3956D46DE8}") = "FootballBettingDB", "FootballBettingDB", "{72E0407C-8BFA-4077-9FE9-8886F5369337}"
EndProject
Project("{FAE04EC0-301F-11D3-BF4B-00C04F79EFBC}") = "FootballBet.Data", "FootballBet.Data\FootballBet.Data.csproj", "{AA827DDB-F424-4A37-9DE5-BF9EB41F74FF}"
EndProject
Project("{FAE04EC0-301F-11D3-BF4B-00C04F79EFBC}") = "FootballBett.Models", "FootballBett.Models\FootballBett.Models.csproj", "{6E6964B9-04D0-47FC-B65A-61220736D717}"
EndProject
Project("{FAE04EC0-301F-11D3-BF4B-00C04F79EFBC}") = "FootballBet.ConsoleClient", "FootballBet.ConsoleClient\FootballBet.ConsoleClient.csproj", "{947829E5-E8BD-469F-9A32-DF530D22C471}"
EndProject
Project("{2150E333-8FDC-42A3-9474-1A3956D46DE8}") = "BillsPaymentSystem", "BillsPaymentSystem", "{20060476-4CAB-4399-8608-7FA0AF427846}"
EndProject
Project("{FAE04EC0-301F-11D3-BF4B-00C04F79EFBC}") = "PaymetSystem.Data", "PaymetSystem.Data\PaymetSystem.Data.csproj", "{D4628FBD-4E73-47BA-8EFC-891F9020CFC6}"
EndProject
Project("{FAE04EC0-301F-11D3-BF4B-00C04F79EFBC}") = "PaymentSystem.Models", "PaymentSystem.Models\PaymentSystem.Models.csproj", "{46A50126-D10C-4960-A88C-FABF85D9EAF9}"
EndProject
Project("{FAE04EC0-301F-11D3-BF4B-00C04F79EFBC}") = "PaymentSytem.ConsoleClient", "PaymentSytem.ConsoleClient\PaymentSytem.ConsoleClient.csproj", "{EB8D9E6B-5CBF-40CD-A465-2D182AE49B13}"
EndProject
Global
	GlobalSection(SolutionConfigurationPlatforms) = preSolution
		Debug|Any CPU = Debug|Any CPU
		Release|Any CPU = Release|Any CPU
	EndGlobalSection
	GlobalSection(ProjectConfigurationPlatforms) = postSolution
		{9BCC6186-E6D2-42BC-B1BD-4D5C0CC2693E}.Debug|Any CPU.ActiveCfg = Debug|Any CPU
		{9BCC6186-E6D2-42BC-B1BD-4D5C0CC2693E}.Debug|Any CPU.Build.0 = Debug|Any CPU
		{9BCC6186-E6D2-42BC-B1BD-4D5C0CC2693E}.Release|Any CPU.ActiveCfg = Release|Any CPU
		{9BCC6186-E6D2-42BC-B1BD-4D5C0CC2693E}.Release|Any CPU.Build.0 = Release|Any CPU
		{AE426C0B-844E-48AE-AD5B-EF426FD7A7B3}.Debug|Any CPU.ActiveCfg = Debug|Any CPU
		{AE426C0B-844E-48AE-AD5B-EF426FD7A7B3}.Debug|Any CPU.Build.0 = Debug|Any CPU
		{AE426C0B-844E-48AE-AD5B-EF426FD7A7B3}.Release|Any CPU.ActiveCfg = Release|Any CPU
		{AE426C0B-844E-48AE-AD5B-EF426FD7A7B3}.Release|Any CPU.Build.0 = Release|Any CPU
		{2A125005-8EAA-4335-9BDD-7C0A011A7FA5}.Debug|Any CPU.ActiveCfg = Debug|Any CPU
		{2A125005-8EAA-4335-9BDD-7C0A011A7FA5}.Debug|Any CPU.Build.0 = Debug|Any CPU
		{2A125005-8EAA-4335-9BDD-7C0A011A7FA5}.Release|Any CPU.ActiveCfg = Release|Any CPU
		{2A125005-8EAA-4335-9BDD-7C0A011A7FA5}.Release|Any CPU.Build.0 = Release|Any CPU
		{811AF285-A589-42B8-9C64-368FD4176F6F}.Debug|Any CPU.ActiveCfg = Debug|Any CPU
		{811AF285-A589-42B8-9C64-368FD4176F6F}.Debug|Any CPU.Build.0 = Debug|Any CPU
		{811AF285-A589-42B8-9C64-368FD4176F6F}.Release|Any CPU.ActiveCfg = Release|Any CPU
		{811AF285-A589-42B8-9C64-368FD4176F6F}.Release|Any CPU.Build.0 = Release|Any CPU
		{6EFB77EB-E848-41A7-B7F0-4CD5033E6F0E}.Debug|Any CPU.ActiveCfg = Debug|Any CPU
		{6EFB77EB-E848-41A7-B7F0-4CD5033E6F0E}.Debug|Any CPU.Build.0 = Debug|Any CPU
		{6EFB77EB-E848-41A7-B7F0-4CD5033E6F0E}.Release|Any CPU.ActiveCfg = Release|Any CPU
		{6EFB77EB-E848-41A7-B7F0-4CD5033E6F0E}.Release|Any CPU.Build.0 = Release|Any CPU
		{6267165B-9FF9-4AF9-881B-AE93A8A13496}.Debug|Any CPU.ActiveCfg = Debug|Any CPU
		{6267165B-9FF9-4AF9-881B-AE93A8A13496}.Debug|Any CPU.Build.0 = Debug|Any CPU
		{6267165B-9FF9-4AF9-881B-AE93A8A13496}.Release|Any CPU.ActiveCfg = Release|Any CPU
		{6267165B-9FF9-4AF9-881B-AE93A8A13496}.Release|Any CPU.Build.0 = Release|Any CPU
		{235B0B71-E920-403F-A772-2F398F2BB4DB}.Debug|Any CPU.ActiveCfg = Debug|Any CPU
		{235B0B71-E920-403F-A772-2F398F2BB4DB}.Debug|Any CPU.Build.0 = Debug|Any CPU
		{235B0B71-E920-403F-A772-2F398F2BB4DB}.Release|Any CPU.ActiveCfg = Release|Any CPU
		{235B0B71-E920-403F-A772-2F398F2BB4DB}.Release|Any CPU.Build.0 = Release|Any CPU
		{1DBD908A-314B-4D79-9A0A-CD98C15B051D}.Debug|Any CPU.ActiveCfg = Debug|Any CPU
		{1DBD908A-314B-4D79-9A0A-CD98C15B051D}.Debug|Any CPU.Build.0 = Debug|Any CPU
		{1DBD908A-314B-4D79-9A0A-CD98C15B051D}.Release|Any CPU.ActiveCfg = Release|Any CPU
		{1DBD908A-314B-4D79-9A0A-CD98C15B051D}.Release|Any CPU.Build.0 = Release|Any CPU
		{CB2D7087-B356-4CE6-A134-CE3EC4E66BDC}.Debug|Any CPU.ActiveCfg = Debug|Any CPU
		{CB2D7087-B356-4CE6-A134-CE3EC4E66BDC}.Debug|Any CPU.Build.0 = Debug|Any CPU
		{CB2D7087-B356-4CE6-A134-CE3EC4E66BDC}.Release|Any CPU.ActiveCfg = Release|Any CPU
		{CB2D7087-B356-4CE6-A134-CE3EC4E66BDC}.Release|Any CPU.Build.0 = Release|Any CPU
		{AA827DDB-F424-4A37-9DE5-BF9EB41F74FF}.Debug|Any CPU.ActiveCfg = Debug|Any CPU
		{AA827DDB-F424-4A37-9DE5-BF9EB41F74FF}.Debug|Any CPU.Build.0 = Debug|Any CPU
		{AA827DDB-F424-4A37-9DE5-BF9EB41F74FF}.Release|Any CPU.ActiveCfg = Release|Any CPU
		{AA827DDB-F424-4A37-9DE5-BF9EB41F74FF}.Release|Any CPU.Build.0 = Release|Any CPU
		{6E6964B9-04D0-47FC-B65A-61220736D717}.Debug|Any CPU.ActiveCfg = Debug|Any CPU
		{6E6964B9-04D0-47FC-B65A-61220736D717}.Debug|Any CPU.Build.0 = Debug|Any CPU
		{6E6964B9-04D0-47FC-B65A-61220736D717}.Release|Any CPU.ActiveCfg = Release|Any CPU
		{6E6964B9-04D0-47FC-B65A-61220736D717}.Release|Any CPU.Build.0 = Release|Any CPU
		{947829E5-E8BD-469F-9A32-DF530D22C471}.Debug|Any CPU.ActiveCfg = Debug|Any CPU
		{947829E5-E8BD-469F-9A32-DF530D22C471}.Debug|Any CPU.Build.0 = Debug|Any CPU
		{947829E5-E8BD-469F-9A32-DF530D22C471}.Release|Any CPU.ActiveCfg = Release|Any CPU
		{947829E5-E8BD-469F-9A32-DF530D22C471}.Release|Any CPU.Build.0 = Release|Any CPU
		{D4628FBD-4E73-47BA-8EFC-891F9020CFC6}.Debug|Any CPU.ActiveCfg = Debug|Any CPU
		{D4628FBD-4E73-47BA-8EFC-891F9020CFC6}.Debug|Any CPU.Build.0 = Debug|Any CPU
		{D4628FBD-4E73-47BA-8EFC-891F9020CFC6}.Release|Any CPU.ActiveCfg = Release|Any CPU
		{D4628FBD-4E73-47BA-8EFC-891F9020CFC6}.Release|Any CPU.Build.0 = Release|Any CPU
		{46A50126-D10C-4960-A88C-FABF85D9EAF9}.Debug|Any CPU.ActiveCfg = Debug|Any CPU
		{46A50126-D10C-4960-A88C-FABF85D9EAF9}.Debug|Any CPU.Build.0 = Debug|Any CPU
		{46A50126-D10C-4960-A88C-FABF85D9EAF9}.Release|Any CPU.ActiveCfg = Release|Any CPU
		{46A50126-D10C-4960-A88C-FABF85D9EAF9}.Release|Any CPU.Build.0 = Release|Any CPU
		{EB8D9E6B-5CBF-40CD-A465-2D182AE49B13}.Debug|Any CPU.ActiveCfg = Debug|Any CPU
		{EB8D9E6B-5CBF-40CD-A465-2D182AE49B13}.Debug|Any CPU.Build.0 = Debug|Any CPU
		{EB8D9E6B-5CBF-40CD-A465-2D182AE49B13}.Release|Any CPU.ActiveCfg = Release|Any CPU
		{EB8D9E6B-5CBF-40CD-A465-2D182AE49B13}.Release|Any CPU.Build.0 = Release|Any CPU
	EndGlobalSection
	GlobalSection(SolutionProperties) = preSolution
		HideSolutionNode = FALSE
	EndGlobalSection
	GlobalSection(NestedProjects) = preSolution
		{9BCC6186-E6D2-42BC-B1BD-4D5C0CC2693E} = {15FCC30E-79FD-490D-B9CE-607E8CF6D047}
		{AE426C0B-844E-48AE-AD5B-EF426FD7A7B3} = {15FCC30E-79FD-490D-B9CE-607E8CF6D047}
		{2A125005-8EAA-4335-9BDD-7C0A011A7FA5} = {15FCC30E-79FD-490D-B9CE-607E8CF6D047}
		{811AF285-A589-42B8-9C64-368FD4176F6F} = {76842F7A-6EF6-4688-AD9E-AC1A7A149C65}
		{6EFB77EB-E848-41A7-B7F0-4CD5033E6F0E} = {76842F7A-6EF6-4688-AD9E-AC1A7A149C65}
		{6267165B-9FF9-4AF9-881B-AE93A8A13496} = {76842F7A-6EF6-4688-AD9E-AC1A7A149C65}
		{235B0B71-E920-403F-A772-2F398F2BB4DB} = {F68D2433-0420-45B7-872B-ADEBA2652390}
		{1DBD908A-314B-4D79-9A0A-CD98C15B051D} = {F68D2433-0420-45B7-872B-ADEBA2652390}
		{CB2D7087-B356-4CE6-A134-CE3EC4E66BDC} = {F68D2433-0420-45B7-872B-ADEBA2652390}
		{AA827DDB-F424-4A37-9DE5-BF9EB41F74FF} = {72E0407C-8BFA-4077-9FE9-8886F5369337}
		{6E6964B9-04D0-47FC-B65A-61220736D717} = {72E0407C-8BFA-4077-9FE9-8886F5369337}
		{947829E5-E8BD-469F-9A32-DF530D22C471} = {72E0407C-8BFA-4077-9FE9-8886F5369337}
		{D4628FBD-4E73-47BA-8EFC-891F9020CFC6} = {20060476-4CAB-4399-8608-7FA0AF427846}
		{46A50126-D10C-4960-A88C-FABF85D9EAF9} = {20060476-4CAB-4399-8608-7FA0AF427846}
		{EB8D9E6B-5CBF-40CD-A465-2D182AE49B13} = {20060476-4CAB-4399-8608-7FA0AF427846}
	EndGlobalSection
EndGlobal
