
Microsoft Visual Studio Solution File, Format Version 12.00
# Visual Studio 14
VisualStudioVersion = 14.0.25123.0
MinimumVisualStudioVersion = 10.0.40219.1
Project("{FAE04EC0-301F-11D3-BF4B-00C04F79EFBC}") = "Bashsoft", "Bashsoft\Bashsoft.csproj", "{DA5298BC-45DE-4056-8124-417838328F4E}"
EndProject
Project("{FAE04EC0-301F-11D3-BF4B-00C04F79EFBC}") = "BashsoftTesting", "BashsoftTesting\BashsoftTesting.csproj", "{6A8125AF-35E4-4F94-B143-AEF5CCA801E6}"
EndProject
Global
	GlobalSection(SolutionConfigurationPlatforms) = preSolution
		Debug|Any CPU = Debug|Any CPU
		Release|Any CPU = Release|Any CPU
	EndGlobalSection
	GlobalSection(ProjectConfigurationPlatforms) = postSolution
		{DA5298BC-45DE-4056-8124-417838328F4E}.Debug|Any CPU.ActiveCfg = Debug|Any CPU
		{DA5298BC-45DE-4056-8124-417838328F4E}.Debug|Any CPU.Build.0 = Debug|Any CPU
		{DA5298BC-45DE-4056-8124-417838328F4E}.Release|Any CPU.ActiveCfg = Release|Any CPU
		{DA5298BC-45DE-4056-8124-417838328F4E}.Release|Any CPU.Build.0 = Release|Any CPU
		{6A8125AF-35E4-4F94-B143-AEF5CCA801E6}.Debug|Any CPU.ActiveCfg = Debug|Any CPU
		{6A8125AF-35E4-4F94-B143-AEF5CCA801E6}.Debug|Any CPU.Build.0 = Debug|Any CPU
		{6A8125AF-35E4-4F94-B143-AEF5CCA801E6}.Release|Any CPU.ActiveCfg = Release|Any CPU
		{6A8125AF-35E4-4F94-B143-AEF5CCA801E6}.Release|Any CPU.Build.0 = Release|Any CPU
	EndGlobalSection
	GlobalSection(SolutionProperties) = preSolution
		HideSolutionNode = FALSE
	EndGlobalSection
EndGlobal
